// !$*UTF8*$!
{
	archiveVersion = 1;
	classes = {
	};
	objectVersion = 46;
	objects = {

/* Begin PBXBuildFile section */
		C196823D1DD9A760009C3FFB /* AppDelegate.swift in Sources */ = {isa = PBXBuildFile; fileRef = C196823C1DD9A760009C3FFB /* AppDelegate.swift */; };
		C196823F1DD9A760009C3FFB /* ViewController.swift in Sources */ = {isa = PBXBuildFile; fileRef = C196823E1DD9A760009C3FFB /* ViewController.swift */; };
		C19682421DD9A760009C3FFB /* Main.storyboard in Resources */ = {isa = PBXBuildFile; fileRef = C19682401DD9A760009C3FFB /* Main.storyboard */; };
		C19682471DD9A760009C3FFB /* LaunchScreen.storyboard in Resources */ = {isa = PBXBuildFile; fileRef = C19682451DD9A760009C3FFB /* LaunchScreen.storyboard */; };
		C19682521DD9A760009C3FFB /* __Tests.swift in Sources */ = {isa = PBXBuildFile; fileRef = C19682511DD9A760009C3FFB /* __Tests.swift */; };
		C196825D1DD9A760009C3FFB /* __UITests.swift in Sources */ = {isa = PBXBuildFile; fileRef = C196825C1DD9A760009C3FFB /* __UITests.swift */; };
		C19682A51DD9C179009C3FFB /* Assets.xcassets in Resources */ = {isa = PBXBuildFile; fileRef = C19682A41DD9C179009C3FFB /* Assets.xcassets */; };
/* End PBXBuildFile section */

/* Begin PBXContainerItemProxy section */
		C196824E1DD9A760009C3FFB /* PBXContainerItemProxy */ = {
			isa = PBXContainerItemProxy;
			containerPortal = C19682311DD9A75F009C3FFB /* Project object */;
			proxyType = 1;
			remoteGlobalIDString = C19682381DD9A75F009C3FFB;
			remoteInfo = "食譜";
		};
		C19682591DD9A760009C3FFB /* PBXContainerItemProxy */ = {
			isa = PBXContainerItemProxy;
			containerPortal = C19682311DD9A75F009C3FFB /* Project object */;
			proxyType = 1;
			remoteGlobalIDString = C19682381DD9A75F009C3FFB;
			remoteInfo = "食譜";
		};
/* End PBXContainerItemProxy section */

/* Begin PBXFileReference section */
		C19682391DD9A760009C3FFB /* 食譜.app */ = {isa = PBXFileReference; explicitFileType = wrapper.application; includeInIndex = 0; path = "食譜.app"; sourceTree = BUILT_PRODUCTS_DIR; };
		C196823C1DD9A760009C3FFB /* AppDelegate.swift */ = {isa = PBXFileReference; lastKnownFileType = sourcecode.swift; path = AppDelegate.swift; sourceTree = "<group>"; };
		C196823E1DD9A760009C3FFB /* ViewController.swift */ = {isa = PBXFileReference; lastKnownFileType = sourcecode.swift; path = ViewController.swift; sourceTree = "<group>"; };
		C19682411DD9A760009C3FFB /* Base */ = {isa = PBXFileReference; lastKnownFileType = file.storyboard; name = Base; path = Base.lproj/Main.storyboard; sourceTree = "<group>"; };
		C19682461DD9A760009C3FFB /* Base */ = {isa = PBXFileReference; lastKnownFileType = file.storyboard; name = Base; path = Base.lproj/LaunchScreen.storyboard; sourceTree = "<group>"; };
		C19682481DD9A760009C3FFB /* Info.plist */ = {isa = PBXFileReference; lastKnownFileType = text.plist.xml; path = Info.plist; sourceTree = "<group>"; };
		C196824D1DD9A760009C3FFB /* 食譜Tests.xctest */ = {isa = PBXFileReference; explicitFileType = wrapper.cfbundle; includeInIndex = 0; path = "食譜Tests.xctest"; sourceTree = BUILT_PRODUCTS_DIR; };
		C19682511DD9A760009C3FFB /* __Tests.swift */ = {isa = PBXFileReference; lastKnownFileType = sourcecode.swift; path = __Tests.swift; sourceTree = "<group>"; };
		C19682531DD9A760009C3FFB /* Info.plist */ = {isa = PBXFileReference; lastKnownFileType = text.plist.xml; path = Info.plist; sourceTree = "<group>"; };
		C19682581DD9A760009C3FFB /* 食譜UITests.xctest */ = {isa = PBXFileReference; explicitFileType = wrapper.cfbundle; includeInIndex = 0; path = "食譜UITests.xctest"; sourceTree = BUILT_PRODUCTS_DIR; };
		C196825C1DD9A760009C3FFB /* __UITests.swift */ = {isa = PBXFileReference; lastKnownFileType = sourcecode.swift; path = __UITests.swift; sourceTree = "<group>"; };
		C196825E1DD9A760009C3FFB /* Info.plist */ = {isa = PBXFileReference; lastKnownFileType = text.plist.xml; path = Info.plist; sourceTree = "<group>"; };
		C19682A41DD9C179009C3FFB /* Assets.xcassets */ = {isa = PBXFileReference; lastKnownFileType = folder.assetcatalog; name = Assets.xcassets; path = ../../test/test/Assets.xcassets; sourceTree = "<group>"; };
/* End PBXFileReference section */

/* Begin PBXFrameworksBuildPhase section */
		C19682361DD9A75F009C3FFB /* Frameworks */ = {
			isa = PBXFrameworksBuildPhase;
			buildActionMask = 2147483647;
			files = (
			);
			runOnlyForDeploymentPostprocessing = 0;
		};
		C196824A1DD9A760009C3FFB /* Frameworks */ = {
			isa = PBXFrameworksBuildPhase;
			buildActionMask = 2147483647;
			files = (
			);
			runOnlyForDeploymentPostprocessing = 0;
		};
		C19682551DD9A760009C3FFB /* Frameworks */ = {
			isa = PBXFrameworksBuildPhase;
			buildActionMask = 2147483647;
			files = (
			);
			runOnlyForDeploymentPostprocessing = 0;
		};
/* End PBXFrameworksBuildPhase section */

/* Begin PBXGroup section */
		C19682301DD9A75F009C3FFB = {
			isa = PBXGroup;
			children = (
				C196823B1DD9A760009C3FFB /* 食譜 */,
				C19682501DD9A760009C3FFB /* 食譜Tests */,
				C196825B1DD9A760009C3FFB /* 食譜UITests */,
				C196823A1DD9A760009C3FFB /* Products */,
			);
			sourceTree = "<group>";
		};
		C196823A1DD9A760009C3FFB /* Products */ = {
			isa = PBXGroup;
			children = (
				C19682391DD9A760009C3FFB /* 食譜.app */,
				C196824D1DD9A760009C3FFB /* 食譜Tests.xctest */,
				C19682581DD9A760009C3FFB /* 食譜UITests.xctest */,
			);
			name = Products;
			sourceTree = "<group>";
		};
		C196823B1DD9A760009C3FFB /* 食譜 */ = {
			isa = PBXGroup;
			children = (
				C196823C1DD9A760009C3FFB /* AppDelegate.swift */,
				C196823E1DD9A760009C3FFB /* ViewController.swift */,
				C19682401DD9A760009C3FFB /* Main.storyboard */,
				C19682451DD9A760009C3FFB /* LaunchScreen.storyboard */,
				C19682A41DD9C179009C3FFB /* Assets.xcassets */,
				C19682481DD9A760009C3FFB /* Info.plist */,
			);
			path = "食譜";
			sourceTree = "<group>";
		};
		C19682501DD9A760009C3FFB /* 食譜Tests */ = {
			isa = PBXGroup;
			children = (
				C19682511DD9A760009C3FFB /* __Tests.swift */,
				C19682531DD9A760009C3FFB /* Info.plist */,
			);
			path = "食譜Tests";
			sourceTree = "<group>";
		};
		C196825B1DD9A760009C3FFB /* 食譜UITests */ = {
			isa = PBXGroup;
			children = (
				C196825C1DD9A760009C3FFB /* __UITests.swift */,
				C196825E1DD9A760009C3FFB /* Info.plist */,
			);
			path = "食譜UITests";
			sourceTree = "<group>";
		};
/* End PBXGroup section */

/* Begin PBXNativeTarget section */
		C19682381DD9A75F009C3FFB /* 食譜 */ = {
			isa = PBXNativeTarget;
			buildConfigurationList = C19682611DD9A760009C3FFB /* Build configuration list for PBXNativeTarget "食譜" */;
			buildPhases = (
				C19682351DD9A75F009C3FFB /* Sources */,
				C19682361DD9A75F009C3FFB /* Frameworks */,
				C19682371DD9A75F009C3FFB /* Resources */,
			);
			buildRules = (
			);
			dependencies = (
			);
			name = "食譜";
			productName = "食譜";
			productReference = C19682391DD9A760009C3FFB /* 食譜.app */;
			productType = "com.apple.product-type.application";
		};
		C196824C1DD9A760009C3FFB /* 食譜Tests */ = {
			isa = PBXNativeTarget;
			buildConfigurationList = C19682641DD9A760009C3FFB /* Build configuration list for PBXNativeTarget "食譜Tests" */;
			buildPhases = (
				C19682491DD9A760009C3FFB /* Sources */,
				C196824A1DD9A760009C3FFB /* Frameworks */,
				C196824B1DD9A760009C3FFB /* Resources */,
			);
			buildRules = (
			);
			dependencies = (
				C196824F1DD9A760009C3FFB /* PBXTargetDependency */,
			);
			name = "食譜Tests";
			productName = "食譜Tests";
			productReference = C196824D1DD9A760009C3FFB /* 食譜Tests.xctest */;
			productType = "com.apple.product-type.bundle.unit-test";
		};
		C19682571DD9A760009C3FFB /* 食譜UITests */ = {
			isa = PBXNativeTarget;
			buildConfigurationList = C19682671DD9A760009C3FFB /* Build configuration list for PBXNativeTarget "食譜UITests" */;
			buildPhases = (
				C19682541DD9A760009C3FFB /* Sources */,
				C19682551DD9A760009C3FFB /* Frameworks */,
				C19682561DD9A760009C3FFB /* Resources */,
			);
			buildRules = (
			);
			dependencies = (
				C196825A1DD9A760009C3FFB /* PBXTargetDependency */,
			);
			name = "食譜UITests";
			productName = "食譜UITests";
			productReference = C19682581DD9A760009C3FFB /* 食譜UITests.xctest */;
			productType = "com.apple.product-type.bundle.ui-testing";
		};
/* End PBXNativeTarget section */

/* Begin PBXProject section */
		C19682311DD9A75F009C3FFB /* Project object */ = {
			isa = PBXProject;
			attributes = {
				LastSwiftUpdateCheck = 0810;
				LastUpgradeCheck = 0810;
				ORGANIZATIONNAME = ntou_willstw;
				TargetAttributes = {
					C19682381DD9A75F009C3FFB = {
						CreatedOnToolsVersion = 8.1;
						ProvisioningStyle = Automatic;
					};
					C196824C1DD9A760009C3FFB = {
						CreatedOnToolsVersion = 8.1;
						ProvisioningStyle = Automatic;
						TestTargetID = C19682381DD9A75F009C3FFB;
					};
					C19682571DD9A760009C3FFB = {
						CreatedOnToolsVersion = 8.1;
						ProvisioningStyle = Automatic;
						TestTargetID = C19682381DD9A75F009C3FFB;
					};
				};
			};
			buildConfigurationList = C19682341DD9A75F009C3FFB /* Build configuration list for PBXProject "食譜" */;
			compatibilityVersion = "Xcode 3.2";
			developmentRegion = English;
			hasScannedForEncodings = 0;
			knownRegions = (
				en,
				Base,
			);
			mainGroup = C19682301DD9A75F009C3FFB;
			productRefGroup = C196823A1DD9A760009C3FFB /* Products */;
			projectDirPath = "";
			projectRoot = "";
			targets = (
				C19682381DD9A75F009C3FFB /* 食譜 */,
				C196824C1DD9A760009C3FFB /* 食譜Tests */,
				C19682571DD9A760009C3FFB /* 食譜UITests */,
			);
		};
/* End PBXProject section */

/* Begin PBXResourcesBuildPhase section */
		C19682371DD9A75F009C3FFB /* Resources */ = {
			isa = PBXResourcesBuildPhase;
			buildActionMask = 2147483647;
			files = (
				C19682471DD9A760009C3FFB /* LaunchScreen.storyboard in Resources */,
				C19682A51DD9C179009C3FFB /* Assets.xcassets in Resources */,
				C19682421DD9A760009C3FFB /* Main.storyboard in Resources */,
			);
			runOnlyForDeploymentPostprocessing = 0;
		};
		C196824B1DD9A760009C3FFB /* Resources */ = {
			isa = PBXResourcesBuildPhase;
			buildActionMask = 2147483647;
			files = (
			);
			runOnlyForDeploymentPostprocessing = 0;
		};
		C19682561DD9A760009C3FFB /* Resources */ = {
			isa = PBXResourcesBuildPhase;
			buildActionMask = 2147483647;
			files = (
			);
			runOnlyForDeploymentPostprocessing = 0;
		};
/* End PBXResourcesBuildPhase section */

/* Begin PBXSourcesBuildPhase section */
		C19682351DD9A75F009C3FFB /* Sources */ = {
			isa = PBXSourcesBuildPhase;
			buildActionMask = 2147483647;
			files = (
				C196823F1DD9A760009C3FFB /* ViewController.swift in Sources */,
				C196823D1DD9A760009C3FFB /* AppDelegate.swift in Sources */,
			);
			runOnlyForDeploymentPostprocessing = 0;
		};
		C19682491DD9A760009C3FFB /* Sources */ = {
			isa = PBXSourcesBuildPhase;
			buildActionMask = 2147483647;
			files = (
				C19682521DD9A760009C3FFB /* __Tests.swift in Sources */,
			);
			runOnlyForDeploymentPostprocessing = 0;
		};
		C19682541DD9A760009C3FFB /* Sources */ = {
			isa = PBXSourcesBuildPhase;
			buildActionMask = 2147483647;
			files = (
				C196825D1DD9A760009C3FFB /* __UITests.swift in Sources */,
			);
			runOnlyForDeploymentPostprocessing = 0;
		};
/* End PBXSourcesBuildPhase section */

/* Begin PBXTargetDependency section */
		C196824F1DD9A760009C3FFB /* PBXTargetDependency */ = {
			isa = PBXTargetDependency;
			target = C19682381DD9A75F009C3FFB /* 食譜 */;
			targetProxy = C196824E1DD9A760009C3FFB /* PBXContainerItemProxy */;
		};
		C196825A1DD9A760009C3FFB /* PBXTargetDependency */ = {
			isa = PBXTargetDependency;
			target = C19682381DD9A75F009C3FFB /* 食譜 */;
			targetProxy = C19682591DD9A760009C3FFB /* PBXContainerItemProxy */;
		};
/* End PBXTargetDependency section */

/* Begin PBXVariantGroup section */
		C19682401DD9A760009C3FFB /* Main.storyboard */ = {
			isa = PBXVariantGroup;
			children = (
				C19682411DD9A760009C3FFB /* Base */,
			);
			name = Main.storyboard;
			sourceTree = "<group>";
		};
		C19682451DD9A760009C3FFB /* LaunchScreen.storyboard */ = {
			isa = PBXVariantGroup;
			children = (
				C19682461DD9A760009C3FFB /* Base */,
			);
			name = LaunchScreen.storyboard;
			sourceTree = "<group>";
		};
/* End PBXVariantGroup section */

/* Begin XCBuildConfiguration section */
		C196825F1DD9A760009C3FFB /* Debug */ = {
			isa = XCBuildConfiguration;
			buildSettings = {
				ALWAYS_SEARCH_USER_PATHS = NO;
				CLANG_ANALYZER_NONNULL = YES;
				CLANG_CXX_LANGUAGE_STANDARD = "gnu++0x";
				CLANG_CXX_LIBRARY = "libc++";
				CLANG_ENABLE_MODULES = YES;
				CLANG_ENABLE_OBJC_ARC = YES;
				CLANG_WARN_BOOL_CONVERSION = YES;
				CLANG_WARN_CONSTANT_CONVERSION = YES;
				CLANG_WARN_DIRECT_OBJC_ISA_USAGE = YES_ERROR;
				CLANG_WARN_DOCUMENTATION_COMMENTS = YES;
				CLANG_WARN_EMPTY_BODY = YES;
				CLANG_WARN_ENUM_CONVERSION = YES;
				CLANG_WARN_INFINITE_RECURSION = YES;
				CLANG_WARN_INT_CONVERSION = YES;
				CLANG_WARN_OBJC_ROOT_CLASS = YES_ERROR;
				CLANG_WARN_SUSPICIOUS_MOVES = YES;
				CLANG_WARN_UNREACHABLE_CODE = YES;
				CLANG_WARN__DUPLICATE_METHOD_MATCH = YES;
				"CODE_SIGN_IDENTITY[sdk=iphoneos*]" = "iPhone Developer";
				COPY_PHASE_STRIP = NO;
				DEBUG_INFORMATION_FORMAT = dwarf;
				ENABLE_STRICT_OBJC_MSGSEND = YES;
				ENABLE_TESTABILITY = YES;
				GCC_C_LANGUAGE_STANDARD = gnu99;
				GCC_DYNAMIC_NO_PIC = NO;
				GCC_NO_COMMON_BLOCKS = YES;
				GCC_OPTIMIZATION_LEVEL = 0;
				GCC_PREPROCESSOR_DEFINITIONS = (
					"DEBUG=1",
					"$(inherited)",
				);
				GCC_WARN_64_TO_32_BIT_CONVERSION = YES;
				GCC_WARN_ABOUT_RETURN_TYPE = YES_ERROR;
				GCC_WARN_UNDECLARED_SELECTOR = YES;
				GCC_WARN_UNINITIALIZED_AUTOS = YES_AGGRESSIVE;
				GCC_WARN_UNUSED_FUNCTION = YES;
				GCC_WARN_UNUSED_VARIABLE = YES;
				IPHONEOS_DEPLOYMENT_TARGET = 10.1;
				MTL_ENABLE_DEBUG_INFO = YES;
				ONLY_ACTIVE_ARCH = YES;
				SDKROOT = iphoneos;
				SWIFT_ACTIVE_COMPILATION_CONDITIONS = DEBUG;
				SWIFT_OPTIMIZATION_LEVEL = "-Onone";
			};
			name = Debug;
		};
		C19682601DD9A760009C3FFB /* Release */ = {
			isa = XCBuildConfiguration;
			buildSettings = {
				ALWAYS_SEARCH_USER_PATHS = NO;
				CLANG_ANALYZER_NONNULL = YES;
				CLANG_CXX_LANGUAGE_STANDARD = "gnu++0x";
				CLANG_CXX_LIBRARY = "libc++";
				CLANG_ENABLE_MODULES = YES;
				CLANG_ENABLE_OBJC_ARC = YES;
				CLANG_WARN_BOOL_CONVERSION = YES;
				CLANG_WARN_CONSTANT_CONVERSION = YES;
				CLANG_WARN_DIRECT_OBJC_ISA_USAGE = YES_ERROR;
				CLANG_WARN_DOCUMENTATION_COMMENTS = YES;
				CLANG_WARN_EMPTY_BODY = YES;
				CLANG_WARN_ENUM_CONVERSION = YES;
				CLANG_WARN_INFINITE_RECURSION = YES;
				CLANG_WARN_INT_CONVERSION = YES;
				CLANG_WARN_OBJC_ROOT_CLASS = YES_ERROR;
				CLANG_WARN_SUSPICIOUS_MOVES = YES;
				CLANG_WARN_UNREACHABLE_CODE = YES;
				CLANG_WARN__DUPLICATE_METHOD_MATCH = YES;
				"CODE_SIGN_IDENTITY[sdk=iphoneos*]" = "iPhone Developer";
				COPY_PHASE_STRIP = NO;
				DEBUG_INFORMATION_FORMAT = "dwarf-with-dsym";
				ENABLE_NS_ASSERTIONS = NO;
				ENABLE_STRICT_OBJC_MSGSEND = YES;
				GCC_C_LANGUAGE_STANDARD = gnu99;
				GCC_NO_COMMON_BLOCKS = YES;
				GCC_WARN_64_TO_32_BIT_CONVERSION = YES;
				GCC_WARN_ABOUT_RETURN_TYPE = YES_ERROR;
				GCC_WARN_UNDECLARED_SELECTOR = YES;
				GCC_WARN_UNINITIALIZED_AUTOS = YES_AGGRESSIVE;
				GCC_WARN_UNUSED_FUNCTION = YES;
				GCC_WARN_UNUSED_VARIABLE = YES;
				IPHONEOS_DEPLOYMENT_TARGET = 10.1;
				MTL_ENABLE_DEBUG_INFO = NO;
				SDKROOT = iphoneos;
				SWIFT_OPTIMIZATION_LEVEL = "-Owholemodule";
				VALIDATE_PRODUCT = YES;
			};
			name = Release;
		};
		C19682621DD9A760009C3FFB /* Debug */ = {
			isa = XCBuildConfiguration;
			buildSettings = {
				ASSETCATALOG_COMPILER_APPICON_NAME = AppIcon;
				INFOPLIST_FILE = "食譜/Info.plist";
				LD_RUNPATH_SEARCH_PATHS = "$(inherited) @executable_path/Frameworks";
				PRODUCT_BUNDLE_IDENTIFIER = "wills.--";
				PRODUCT_NAME = "$(TARGET_NAME)";
				SWIFT_VERSION = 3.0;
			};
			name = Debug;
		};
		C19682631DD9A760009C3FFB /* Release */ = {
			isa = XCBuildConfiguration;
			buildSettings = {
				ASSETCATALOG_COMPILER_APPICON_NAME = AppIcon;
				INFOPLIST_FILE = "食譜/Info.plist";
				LD_RUNPATH_SEARCH_PATHS = "$(inherited) @executable_path/Frameworks";
				PRODUCT_BUNDLE_IDENTIFIER = "wills.--";
				PRODUCT_NAME = "$(TARGET_NAME)";
				SWIFT_VERSION = 3.0;
			};
			name = Release;
		};
		C19682651DD9A760009C3FFB /* Debug */ = {
			isa = XCBuildConfiguration;
			buildSettings = {
				ALWAYS_EMBED_SWIFT_STANDARD_LIBRARIES = YES;
				BUNDLE_LOADER = "$(TEST_HOST)";
				INFOPLIST_FILE = "食譜Tests/Info.plist";
				LD_RUNPATH_SEARCH_PATHS = "$(inherited) @executable_path/Frameworks @loader_path/Frameworks";
				PRODUCT_BUNDLE_IDENTIFIER = "wills.--Tests";
				PRODUCT_NAME = "$(TARGET_NAME)";
				SWIFT_VERSION = 3.0;
				TEST_HOST = "$(BUILT_PRODUCTS_DIR)/食譜.app/食譜";
			};
			name = Debug;
		};
		C19682661DD9A760009C3FFB /* Release */ = {
			isa = XCBuildConfiguration;
			buildSettings = {
				ALWAYS_EMBED_SWIFT_STANDARD_LIBRARIES = YES;
				BUNDLE_LOADER = "$(TEST_HOST)";
				INFOPLIST_FILE = "食譜Tests/Info.plist";
				LD_RUNPATH_SEARCH_PATHS = "$(inherited) @executable_path/Frameworks @loader_path/Frameworks";
				PRODUCT_BUNDLE_IDENTIFIER = "wills.--Tests";
				PRODUCT_NAME = "$(TARGET_NAME)";
				SWIFT_VERSION = 3.0;
				TEST_HOST = "$(BUILT_PRODUCTS_DIR)/食譜.app/食譜";
			};
			name = Release;
		};
		C19682681DD9A760009C3FFB /* Debug */ = {
			isa = XCBuildConfiguration;
			buildSettings = {
				ALWAYS_EMBED_SWIFT_STANDARD_LIBRARIES = YES;
				INFOPLIST_FILE = "食譜UITests/Info.plist";
				LD_RUNPATH_SEARCH_PATHS = "$(inherited) @executable_path/Frameworks @loader_path/Frameworks";
				PRODUCT_BUNDLE_IDENTIFIER = "wills.--UITests";
				PRODUCT_NAME = "$(TARGET_NAME)";
				SWIFT_VERSION = 3.0;
				TEST_TARGET_NAME = "食譜";
			};
			name = Debug;
		};
		C19682691DD9A760009C3FFB /* Release */ = {
			isa = XCBuildConfiguration;
			buildSettings = {
				ALWAYS_EMBED_SWIFT_STANDARD_LIBRARIES = YES;
				INFOPLIST_FILE = "食譜UITests/Info.plist";
				LD_RUNPATH_SEARCH_PATHS = "$(inherited) @executable_path/Frameworks @loader_path/Frameworks";
				PRODUCT_BUNDLE_IDENTIFIER = "wills.--UITests";
				PRODUCT_NAME = "$(TARGET_NAME)";
				SWIFT_VERSION = 3.0;
				TEST_TARGET_NAME = "食譜";
			};
			name = Release;
		};
/* End XCBuildConfiguration section */

/* Begin XCConfigurationList section */
		C19682341DD9A75F009C3FFB /* Build configuration list for PBXProject "食譜" */ = {
			isa = XCConfigurationList;
			buildConfigurations = (
				C196825F1DD9A760009C3FFB /* Debug */,
				C19682601DD9A760009C3FFB /* Release */,
			);
			defaultConfigurationIsVisible = 0;
			defaultConfigurationName = Release;
		};
		C19682611DD9A760009C3FFB /* Build configuration list for PBXNativeTarget "食譜" */ = {
			isa = XCConfigurationList;
			buildConfigurations = (
				C19682621DD9A760009C3FFB /* Debug */,
				C19682631DD9A760009C3FFB /* Release */,
			);
			defaultConfigurationIsVisible = 0;
			defaultConfigurationName = Release;
		};
		C19682641DD9A760009C3FFB /* Build configuration list for PBXNativeTarget "食譜Tests" */ = {
			isa = XCConfigurationList;
			buildConfigurations = (
				C19682651DD9A760009C3FFB /* Debug */,
				C19682661DD9A760009C3FFB /* Release */,
			);
			defaultConfigurationIsVisible = 0;
			defaultConfigurationName = Release;
		};
		C19682671DD9A760009C3FFB /* Build configuration list for PBXNativeTarget "食譜UITests" */ = {
			isa = XCConfigurationList;
			buildConfigurations = (
				C19682681DD9A760009C3FFB /* Debug */,
				C19682691DD9A760009C3FFB /* Release */,
			);
			defaultConfigurationIsVisible = 0;
			defaultConfigurationName = Release;
		};
/* End XCConfigurationList section */
	};
	rootObject = C19682311DD9A75F009C3FFB /* Project object */;
}
